// !$*UTF8*$!
{
	archiveVersion = 1;
	classes = {
	};
	objectVersion = 56;
	objects = {

/* Begin PBXBuildFile section */
		A3377C2E2C821717003F81F6 /* Club37App.swift in Sources */ = {isa = PBXBuildFile; fileRef = A3377C2D2C821717003F81F6 /* Club37App.swift */; };
		A3377C302C821717003F81F6 /* ContentView.swift in Sources */ = {isa = PBXBuildFile; fileRef = A3377C2F2C821717003F81F6 /* ContentView.swift */; };
		A3377C322C82171A003F81F6 /* Assets.xcassets in Resources */ = {isa = PBXBuildFile; fileRef = A3377C312C82171A003F81F6 /* Assets.xcassets */; };
		A3377C352C82171A003F81F6 /* Preview Assets.xcassets in Resources */ = {isa = PBXBuildFile; fileRef = A3377C342C82171A003F81F6 /* Preview Assets.xcassets */; };
		A3377C3C2C821757003F81F6 /* ListItem.swift in Sources */ = {isa = PBXBuildFile; fileRef = A3377C3B2C821757003F81F6 /* ListItem.swift */; };
		A3377C3E2C821765003F81F6 /* ListItemView.swift in Sources */ = {isa = PBXBuildFile; fileRef = A3377C3D2C821765003F81F6 /* ListItemView.swift */; };
		A3377C402C821772003F81F6 /* SampleListItemData.swift in Sources */ = {isa = PBXBuildFile; fileRef = A3377C3F2C821772003F81F6 /* SampleListItemData.swift */; };
		A3377C422C821822003F81F6 /* ImagePickerView.swift in Sources */ = {isa = PBXBuildFile; fileRef = A3377C412C821822003F81F6 /* ImagePickerView.swift */; };
		A3377C442C82C99A003F81F6 /* DateFormatterUtil.swift in Sources */ = {isa = PBXBuildFile; fileRef = A3377C432C82C99A003F81F6 /* DateFormatterUtil.swift */; };
		A3377C462C82F45D003F81F6 /* Constants.swift in Sources */ = {isa = PBXBuildFile; fileRef = A3377C452C82F45D003F81F6 /* Constants.swift */; };
		A38178FA2C83377B0095AEA5 /* HeaderView.swift in Sources */ = {isa = PBXBuildFile; fileRef = A38178F92C83377B0095AEA5 /* HeaderView.swift */; };
		A38178FC2C834C550095AEA5 /* TimeIntervalFormatterUtil.swift in Sources */ = {isa = PBXBuildFile; fileRef = A38178FB2C834C550095AEA5 /* TimeIntervalFormatterUtil.swift */; };
		A38179032C837B500095AEA5 /* ImagePreviewView.swift in Sources */ = {isa = PBXBuildFile; fileRef = A38179022C837B500095AEA5 /* ImagePreviewView.swift */; };
		A38179052C8382250095AEA5 /* CheckInButton.swift in Sources */ = {isa = PBXBuildFile; fileRef = A38179042C8382250095AEA5 /* CheckInButton.swift */; };
		A38179072C8386EA0095AEA5 /* CountdownWrapperView.swift in Sources */ = {isa = PBXBuildFile; fileRef = A38179062C8386EA0095AEA5 /* CountdownWrapperView.swift */; };
/* End PBXBuildFile section */

/* Begin PBXFileReference section */
		A3377C2A2C821717003F81F6 /* Club37.app */ = {isa = PBXFileReference; explicitFileType = wrapper.application; includeInIndex = 0; path = Club37.app; sourceTree = BUILT_PRODUCTS_DIR; };
		A3377C2D2C821717003F81F6 /* Club37App.swift */ = {isa = PBXFileReference; lastKnownFileType = sourcecode.swift; path = Club37App.swift; sourceTree = "<group>"; };
		A3377C2F2C821717003F81F6 /* ContentView.swift */ = {isa = PBXFileReference; lastKnownFileType = sourcecode.swift; path = ContentView.swift; sourceTree = "<group>"; };
		A3377C312C82171A003F81F6 /* Assets.xcassets */ = {isa = PBXFileReference; lastKnownFileType = folder.assetcatalog; path = Assets.xcassets; sourceTree = "<group>"; };
		A3377C342C82171A003F81F6 /* Preview Assets.xcassets */ = {isa = PBXFileReference; lastKnownFileType = folder.assetcatalog; path = "Preview Assets.xcassets"; sourceTree = "<group>"; };
		A3377C3B2C821757003F81F6 /* ListItem.swift */ = {isa = PBXFileReference; fileEncoding = 4; lastKnownFileType = sourcecode.swift; path = ListItem.swift; sourceTree = "<group>"; };
		A3377C3D2C821765003F81F6 /* ListItemView.swift */ = {isa = PBXFileReference; fileEncoding = 4; lastKnownFileType = sourcecode.swift; path = ListItemView.swift; sourceTree = "<group>"; };
		A3377C3F2C821772003F81F6 /* SampleListItemData.swift */ = {isa = PBXFileReference; fileEncoding = 4; lastKnownFileType = sourcecode.swift; path = SampleListItemData.swift; sourceTree = "<group>"; };
		A3377C412C821822003F81F6 /* ImagePickerView.swift */ = {isa = PBXFileReference; lastKnownFileType = sourcecode.swift; path = ImagePickerView.swift; sourceTree = "<group>"; };
		A3377C432C82C99A003F81F6 /* DateFormatterUtil.swift */ = {isa = PBXFileReference; lastKnownFileType = sourcecode.swift; path = DateFormatterUtil.swift; sourceTree = "<group>"; };
		A3377C452C82F45D003F81F6 /* Constants.swift */ = {isa = PBXFileReference; lastKnownFileType = sourcecode.swift; path = Constants.swift; sourceTree = "<group>"; };
		A38178F92C83377B0095AEA5 /* HeaderView.swift */ = {isa = PBXFileReference; lastKnownFileType = sourcecode.swift; path = HeaderView.swift; sourceTree = "<group>"; };
		A38178FB2C834C550095AEA5 /* TimeIntervalFormatterUtil.swift */ = {isa = PBXFileReference; lastKnownFileType = sourcecode.swift; path = TimeIntervalFormatterUtil.swift; sourceTree = "<group>"; };
		A38179022C837B500095AEA5 /* ImagePreviewView.swift */ = {isa = PBXFileReference; lastKnownFileType = sourcecode.swift; path = ImagePreviewView.swift; sourceTree = "<group>"; };
		A38179042C8382250095AEA5 /* CheckInButton.swift */ = {isa = PBXFileReference; lastKnownFileType = sourcecode.swift; path = CheckInButton.swift; sourceTree = "<group>"; };
		A38179062C8386EA0095AEA5 /* CountdownWrapperView.swift */ = {isa = PBXFileReference; lastKnownFileType = sourcecode.swift; path = CountdownWrapperView.swift; sourceTree = "<group>"; };
/* End PBXFileReference section */

/* Begin PBXFrameworksBuildPhase section */
		A3377C272C821717003F81F6 /* Frameworks */ = {
			isa = PBXFrameworksBuildPhase;
			buildActionMask = 2147483647;
			files = (
			);
			runOnlyForDeploymentPostprocessing = 0;
		};
/* End PBXFrameworksBuildPhase section */

/* Begin PBXGroup section */
		A3377C212C821717003F81F6 = {
			isa = PBXGroup;
			children = (
				A3377C2C2C821717003F81F6 /* Club37 */,
				A3377C2B2C821717003F81F6 /* Products */,
			);
			sourceTree = "<group>";
		};
		A3377C2B2C821717003F81F6 /* Products */ = {
			isa = PBXGroup;
			children = (
				A3377C2A2C821717003F81F6 /* Club37.app */,
			);
			name = Products;
			sourceTree = "<group>";
		};
		A3377C2C2C821717003F81F6 /* Club37 */ = {
			isa = PBXGroup;
			children = (
				A3377C2D2C821717003F81F6 /* Club37App.swift */,
				A3377C3F2C821772003F81F6 /* SampleListItemData.swift */,
				A3377C312C82171A003F81F6 /* Assets.xcassets */,
				A38179002C83503B0095AEA5 /* Constants */,
				A38178FE2C834E000095AEA5 /* Models */,
				A3377C332C82171A003F81F6 /* Preview Content */,
				A38178FD2C834DDA0095AEA5 /* Utils */,
				A38179012C8351470095AEA5 /* Views */,
			);
			path = Club37;
			sourceTree = "<group>";
		};
		A3377C332C82171A003F81F6 /* Preview Content */ = {
			isa = PBXGroup;
			children = (
				A3377C342C82171A003F81F6 /* Preview Assets.xcassets */,
			);
			path = "Preview Content";
			sourceTree = "<group>";
		};
		A38178FD2C834DDA0095AEA5 /* Utils */ = {
			isa = PBXGroup;
			children = (
				A3377C432C82C99A003F81F6 /* DateFormatterUtil.swift */,
				A38178FB2C834C550095AEA5 /* TimeIntervalFormatterUtil.swift */,
			);
			path = Utils;
			sourceTree = "<group>";
		};
		A38178FE2C834E000095AEA5 /* Models */ = {
			isa = PBXGroup;
			children = (
				A3377C3B2C821757003F81F6 /* ListItem.swift */,
			);
			path = Models;
			sourceTree = "<group>";
		};
		A38179002C83503B0095AEA5 /* Constants */ = {
			isa = PBXGroup;
			children = (
				A3377C452C82F45D003F81F6 /* Constants.swift */,
			);
			path = Constants;
			sourceTree = "<group>";
		};
		A38179012C8351470095AEA5 /* Views */ = {
			isa = PBXGroup;
			children = (
				A3377C2F2C821717003F81F6 /* ContentView.swift */,
				A38179022C837B500095AEA5 /* ImagePreviewView.swift */,
				A38178F92C83377B0095AEA5 /* HeaderView.swift */,
				A3377C412C821822003F81F6 /* ImagePickerView.swift */,
				A3377C3D2C821765003F81F6 /* ListItemView.swift */,
				A38179042C8382250095AEA5 /* CheckInButton.swift */,
				A38179062C8386EA0095AEA5 /* CountdownWrapperView.swift */,
			);
			name = Views;
			sourceTree = "<group>";
		};
/* End PBXGroup section */

/* Begin PBXNativeTarget section */
		A3377C292C821717003F81F6 /* Club37 */ = {
			isa = PBXNativeTarget;
			buildConfigurationList = A3377C382C82171A003F81F6 /* Build configuration list for PBXNativeTarget "Club37" */;
			buildPhases = (
				A3377C262C821717003F81F6 /* Sources */,
				A3377C272C821717003F81F6 /* Frameworks */,
				A3377C282C821717003F81F6 /* Resources */,
			);
			buildRules = (
			);
			dependencies = (
			);
			name = Club37;
			productName = Club37;
			productReference = A3377C2A2C821717003F81F6 /* Club37.app */;
			productType = "com.apple.product-type.application";
		};
/* End PBXNativeTarget section */

/* Begin PBXProject section */
		A3377C222C821717003F81F6 /* Project object */ = {
			isa = PBXProject;
			attributes = {
				BuildIndependentTargetsInParallel = 1;
				LastSwiftUpdateCheck = 1540;
				LastUpgradeCheck = 1540;
				TargetAttributes = {
					A3377C292C821717003F81F6 = {
						CreatedOnToolsVersion = 15.4;
					};
				};
			};
			buildConfigurationList = A3377C252C821717003F81F6 /* Build configuration list for PBXProject "Club37" */;
			compatibilityVersion = "Xcode 14.0";
			developmentRegion = en;
			hasScannedForEncodings = 0;
			knownRegions = (
				en,
				Base,
			);
			mainGroup = A3377C212C821717003F81F6;
			productRefGroup = A3377C2B2C821717003F81F6 /* Products */;
			projectDirPath = "";
			projectRoot = "";
			targets = (
				A3377C292C821717003F81F6 /* Club37 */,
			);
		};
/* End PBXProject section */

/* Begin PBXResourcesBuildPhase section */
		A3377C282C821717003F81F6 /* Resources */ = {
			isa = PBXResourcesBuildPhase;
			buildActionMask = 2147483647;
			files = (
				A3377C352C82171A003F81F6 /* Preview Assets.xcassets in Resources */,
				A3377C322C82171A003F81F6 /* Assets.xcassets in Resources */,
			);
			runOnlyForDeploymentPostprocessing = 0;
		};
/* End PBXResourcesBuildPhase section */

/* Begin PBXSourcesBuildPhase section */
		A3377C262C821717003F81F6 /* Sources */ = {
			isa = PBXSourcesBuildPhase;
			buildActionMask = 2147483647;
			files = (
				A38179072C8386EA0095AEA5 /* CountdownWrapperView.swift in Sources */,
				A38178FC2C834C550095AEA5 /* TimeIntervalFormatterUtil.swift in Sources */,
				A3377C3C2C821757003F81F6 /* ListItem.swift in Sources */,
				A38178FA2C83377B0095AEA5 /* HeaderView.swift in Sources */,
				A38179052C8382250095AEA5 /* CheckInButton.swift in Sources */,
				A38179032C837B500095AEA5 /* ImagePreviewView.swift in Sources */,
				A3377C302C821717003F81F6 /* ContentView.swift in Sources */,
				A3377C2E2C821717003F81F6 /* Club37App.swift in Sources */,
				A3377C402C821772003F81F6 /* SampleListItemData.swift in Sources */,
				A3377C422C821822003F81F6 /* ImagePickerView.swift in Sources */,
				A3377C3E2C821765003F81F6 /* ListItemView.swift in Sources */,
				A3377C442C82C99A003F81F6 /* DateFormatterUtil.swift in Sources */,
				A3377C462C82F45D003F81F6 /* Constants.swift in Sources */,
			);
			runOnlyForDeploymentPostprocessing = 0;
		};
/* End PBXSourcesBuildPhase section */

/* Begin XCBuildConfiguration section */
		A3377C362C82171A003F81F6 /* Debug */ = {
			isa = XCBuildConfiguration;
			buildSettings = {
				ALWAYS_SEARCH_USER_PATHS = NO;
				ASSETCATALOG_COMPILER_GENERATE_SWIFT_ASSET_SYMBOL_EXTENSIONS = YES;
				CLANG_ANALYZER_NONNULL = YES;
				CLANG_ANALYZER_NUMBER_OBJECT_CONVERSION = YES_AGGRESSIVE;
				CLANG_CXX_LANGUAGE_STANDARD = "gnu++20";
				CLANG_ENABLE_MODULES = YES;
				CLANG_ENABLE_OBJC_ARC = YES;
				CLANG_ENABLE_OBJC_WEAK = YES;
				CLANG_WARN_BLOCK_CAPTURE_AUTORELEASING = YES;
				CLANG_WARN_BOOL_CONVERSION = YES;
				CLANG_WARN_COMMA = YES;
				CLANG_WARN_CONSTANT_CONVERSION = YES;
				CLANG_WARN_DEPRECATED_OBJC_IMPLEMENTATIONS = YES;
				CLANG_WARN_DIRECT_OBJC_ISA_USAGE = YES_ERROR;
				CLANG_WARN_DOCUMENTATION_COMMENTS = YES;
				CLANG_WARN_EMPTY_BODY = YES;
				CLANG_WARN_ENUM_CONVERSION = YES;
				CLANG_WARN_INFINITE_RECURSION = YES;
				CLANG_WARN_INT_CONVERSION = YES;
				CLANG_WARN_NON_LITERAL_NULL_CONVERSION = YES;
				CLANG_WARN_OBJC_IMPLICIT_RETAIN_SELF = YES;
				CLANG_WARN_OBJC_LITERAL_CONVERSION = YES;
				CLANG_WARN_OBJC_ROOT_CLASS = YES_ERROR;
				CLANG_WARN_QUOTED_INCLUDE_IN_FRAMEWORK_HEADER = YES;
				CLANG_WARN_RANGE_LOOP_ANALYSIS = YES;
				CLANG_WARN_STRICT_PROTOTYPES = YES;
				CLANG_WARN_SUSPICIOUS_MOVE = YES;
				CLANG_WARN_UNGUARDED_AVAILABILITY = YES_AGGRESSIVE;
				CLANG_WARN_UNREACHABLE_CODE = YES;
				CLANG_WARN__DUPLICATE_METHOD_MATCH = YES;
				COPY_PHASE_STRIP = NO;
				DEBUG_INFORMATION_FORMAT = dwarf;
				ENABLE_STRICT_OBJC_MSGSEND = YES;
				ENABLE_TESTABILITY = YES;
				ENABLE_USER_SCRIPT_SANDBOXING = YES;
				GCC_C_LANGUAGE_STANDARD = gnu17;
				GCC_DYNAMIC_NO_PIC = NO;
				GCC_NO_COMMON_BLOCKS = YES;
				GCC_OPTIMIZATION_LEVEL = 0;
				GCC_PREPROCESSOR_DEFINITIONS = (
					"DEBUG=1",
					"$(inherited)",
				);
				GCC_WARN_64_TO_32_BIT_CONVERSION = YES;
				GCC_WARN_ABOUT_RETURN_TYPE = YES_ERROR;
				GCC_WARN_UNDECLARED_SELECTOR = YES;
				GCC_WARN_UNINITIALIZED_AUTOS = YES_AGGRESSIVE;
				GCC_WARN_UNUSED_FUNCTION = YES;
				GCC_WARN_UNUSED_VARIABLE = YES;
				IPHONEOS_DEPLOYMENT_TARGET = 17.5;
				LOCALIZATION_PREFERS_STRING_CATALOGS = YES;
				MTL_ENABLE_DEBUG_INFO = INCLUDE_SOURCE;
				MTL_FAST_MATH = YES;
				ONLY_ACTIVE_ARCH = YES;
				SDKROOT = iphoneos;
				SWIFT_ACTIVE_COMPILATION_CONDITIONS = "DEBUG $(inherited)";
				SWIFT_OPTIMIZATION_LEVEL = "-Onone";
			};
			name = Debug;
		};
		A3377C372C82171A003F81F6 /* Release */ = {
			isa = XCBuildConfiguration;
			buildSettings = {
				ALWAYS_SEARCH_USER_PATHS = NO;
				ASSETCATALOG_COMPILER_GENERATE_SWIFT_ASSET_SYMBOL_EXTENSIONS = YES;
				CLANG_ANALYZER_NONNULL = YES;
				CLANG_ANALYZER_NUMBER_OBJECT_CONVERSION = YES_AGGRESSIVE;
				CLANG_CXX_LANGUAGE_STANDARD = "gnu++20";
				CLANG_ENABLE_MODULES = YES;
				CLANG_ENABLE_OBJC_ARC = YES;
				CLANG_ENABLE_OBJC_WEAK = YES;
				CLANG_WARN_BLOCK_CAPTURE_AUTORELEASING = YES;
				CLANG_WARN_BOOL_CONVERSION = YES;
				CLANG_WARN_COMMA = YES;
				CLANG_WARN_CONSTANT_CONVERSION = YES;
				CLANG_WARN_DEPRECATED_OBJC_IMPLEMENTATIONS = YES;
				CLANG_WARN_DIRECT_OBJC_ISA_USAGE = YES_ERROR;
				CLANG_WARN_DOCUMENTATION_COMMENTS = YES;
				CLANG_WARN_EMPTY_BODY = YES;
				CLANG_WARN_ENUM_CONVERSION = YES;
				CLANG_WARN_INFINITE_RECURSION = YES;
				CLANG_WARN_INT_CONVERSION = YES;
				CLANG_WARN_NON_LITERAL_NULL_CONVERSION = YES;
				CLANG_WARN_OBJC_IMPLICIT_RETAIN_SELF = YES;
				CLANG_WARN_OBJC_LITERAL_CONVERSION = YES;
				CLANG_WARN_OBJC_ROOT_CLASS = YES_ERROR;
				CLANG_WARN_QUOTED_INCLUDE_IN_FRAMEWORK_HEADER = YES;
				CLANG_WARN_RANGE_LOOP_ANALYSIS = YES;
				CLANG_WARN_STRICT_PROTOTYPES = YES;
				CLANG_WARN_SUSPICIOUS_MOVE = YES;
				CLANG_WARN_UNGUARDED_AVAILABILITY = YES_AGGRESSIVE;
				CLANG_WARN_UNREACHABLE_CODE = YES;
				CLANG_WARN__DUPLICATE_METHOD_MATCH = YES;
				COPY_PHASE_STRIP = NO;
				DEBUG_INFORMATION_FORMAT = "dwarf-with-dsym";
				ENABLE_NS_ASSERTIONS = NO;
				ENABLE_STRICT_OBJC_MSGSEND = YES;
				ENABLE_USER_SCRIPT_SANDBOXING = YES;
				GCC_C_LANGUAGE_STANDARD = gnu17;
				GCC_NO_COMMON_BLOCKS = YES;
				GCC_WARN_64_TO_32_BIT_CONVERSION = YES;
				GCC_WARN_ABOUT_RETURN_TYPE = YES_ERROR;
				GCC_WARN_UNDECLARED_SELECTOR = YES;
				GCC_WARN_UNINITIALIZED_AUTOS = YES_AGGRESSIVE;
				GCC_WARN_UNUSED_FUNCTION = YES;
				GCC_WARN_UNUSED_VARIABLE = YES;
				IPHONEOS_DEPLOYMENT_TARGET = 17.5;
				LOCALIZATION_PREFERS_STRING_CATALOGS = YES;
				MTL_ENABLE_DEBUG_INFO = NO;
				MTL_FAST_MATH = YES;
				SDKROOT = iphoneos;
				SWIFT_COMPILATION_MODE = wholemodule;
				VALIDATE_PRODUCT = YES;
			};
			name = Release;
		};
		A3377C392C82171A003F81F6 /* Debug */ = {
			isa = XCBuildConfiguration;
			buildSettings = {
				ASSETCATALOG_COMPILER_APPICON_NAME = AppIcon;
				ASSETCATALOG_COMPILER_GLOBAL_ACCENT_COLOR_NAME = AccentColor;
				CODE_SIGN_STYLE = Automatic;
				CURRENT_PROJECT_VERSION = 1;
				DEVELOPMENT_ASSET_PATHS = "\"Club37/Preview Content\"";
				DEVELOPMENT_TEAM = XD4QMCF6MM;
				ENABLE_PREVIEWS = YES;
				GENERATE_INFOPLIST_FILE = YES;
				INFOPLIST_KEY_UIApplicationSceneManifest_Generation = YES;
				INFOPLIST_KEY_UIApplicationSupportsIndirectInputEvents = YES;
				INFOPLIST_KEY_UILaunchScreen_Generation = YES;
				INFOPLIST_KEY_UISupportedInterfaceOrientations_iPad = "UIInterfaceOrientationPortrait UIInterfaceOrientationPortraitUpsideDown UIInterfaceOrientationLandscapeLeft UIInterfaceOrientationLandscapeRight";
				INFOPLIST_KEY_UISupportedInterfaceOrientations_iPhone = "UIInterfaceOrientationPortrait UIInterfaceOrientationLandscapeLeft UIInterfaceOrientationLandscapeRight";
				LD_RUNPATH_SEARCH_PATHS = (
					"$(inherited)",
					"@executable_path/Frameworks",
				);
				MARKETING_VERSION = 1.0;
				PRODUCT_BUNDLE_IDENTIFIER = com.shoji.Club37;
				PRODUCT_NAME = "$(TARGET_NAME)";
				SWIFT_EMIT_LOC_STRINGS = YES;
				SWIFT_VERSION = 5.0;
				TARGETED_DEVICE_FAMILY = "1,2";
			};
			name = Debug;
		};
		A3377C3A2C82171A003F81F6 /* Release */ = {
			isa = XCBuildConfiguration;
			buildSettings = {
				ASSETCATALOG_COMPILER_APPICON_NAME = AppIcon;
				ASSETCATALOG_COMPILER_GLOBAL_ACCENT_COLOR_NAME = AccentColor;
				CODE_SIGN_STYLE = Automatic;
				CURRENT_PROJECT_VERSION = 1;
				DEVELOPMENT_ASSET_PATHS = "\"Club37/Preview Content\"";
				DEVELOPMENT_TEAM = XD4QMCF6MM;
				ENABLE_PREVIEWS = YES;
				GENERATE_INFOPLIST_FILE = YES;
				INFOPLIST_KEY_UIApplicationSceneManifest_Generation = YES;
				INFOPLIST_KEY_UIApplicationSupportsIndirectInputEvents = YES;
				INFOPLIST_KEY_UILaunchScreen_Generation = YES;
				INFOPLIST_KEY_UISupportedInterfaceOrientations_iPad = "UIInterfaceOrientationPortrait UIInterfaceOrientationPortraitUpsideDown UIInterfaceOrientationLandscapeLeft UIInterfaceOrientationLandscapeRight";
				INFOPLIST_KEY_UISupportedInterfaceOrientations_iPhone = "UIInterfaceOrientationPortrait UIInterfaceOrientationLandscapeLeft UIInterfaceOrientationLandscapeRight";
				LD_RUNPATH_SEARCH_PATHS = (
					"$(inherited)",
					"@executable_path/Frameworks",
				);
				MARKETING_VERSION = 1.0;
				PRODUCT_BUNDLE_IDENTIFIER = com.shoji.Club37;
				PRODUCT_NAME = "$(TARGET_NAME)";
				SWIFT_EMIT_LOC_STRINGS = YES;
				SWIFT_VERSION = 5.0;
				TARGETED_DEVICE_FAMILY = "1,2";
			};
			name = Release;
		};
/* End XCBuildConfiguration section */

/* Begin XCConfigurationList section */
		A3377C252C821717003F81F6 /* Build configuration list for PBXProject "Club37" */ = {
			isa = XCConfigurationList;
			buildConfigurations = (
				A3377C362C82171A003F81F6 /* Debug */,
				A3377C372C82171A003F81F6 /* Release */,
			);
			defaultConfigurationIsVisible = 0;
			defaultConfigurationName = Release;
		};
		A3377C382C82171A003F81F6 /* Build configuration list for PBXNativeTarget "Club37" */ = {
			isa = XCConfigurationList;
			buildConfigurations = (
				A3377C392C82171A003F81F6 /* Debug */,
				A3377C3A2C82171A003F81F6 /* Release */,
			);
			defaultConfigurationIsVisible = 0;
			defaultConfigurationName = Release;
		};
/* End XCConfigurationList section */
	};
	rootObject = A3377C222C821717003F81F6 /* Project object */;
}
